
Microsoft Visual Studio Solution File, Format Version 12.00
# Visual Studio Version 17
VisualStudioVersion = 17.0.32126.317
MinimumVisualStudioVersion = 10.0.40219.1
Project("{8BC9CEB8-8B4A-11D0-8D11-00A0C91BC942}") = "TODO_List_GUI", "TODO_List_GUI\TODO_List_GUI.vcxproj", "{F39CADA7-F9F2-4242-A5F6-77E5B3C5EAA0}"
EndProject
Global
	GlobalSection(SolutionConfigurationPlatforms) = preSolution
		Debug|x64 = Debug|x64
		Debug|x86 = Debug|x86
		Release|x64 = Release|x64
		Release|x86 = Release|x86
	EndGlobalSection
	GlobalSection(ProjectConfigurationPlatforms) = postSolution
		{F39CADA7-F9F2-4242-A5F6-77E5B3C5EAA0}.Debug|x64.ActiveCfg = Debug|x64
		{F39CADA7-F9F2-4242-A5F6-77E5B3C5EAA0}.Debug|x64.Build.0 = Debug|x64
		{F39CADA7-F9F2-4242-A5F6-77E5B3C5EAA0}.Debug|x86.ActiveCfg = Debug|Win32
		{F39CADA7-F9F2-4242-A5F6-77E5B3C5EAA0}.Debug|x86.Build.0 = Debug|Win32
		{F39CADA7-F9F2-4242-A5F6-77E5B3C5EAA0}.Release|x64.ActiveCfg = Release|x64
		{F39CADA7-F9F2-4242-A5F6-77E5B3C5EAA0}.Release|x64.Build.0 = Release|x64
		{F39CADA7-F9F2-4242-A5F6-77E5B3C5EAA0}.Release|x86.ActiveCfg = Release|Win32
		{F39CADA7-F9F2-4242-A5F6-77E5B3C5EAA0}.Release|x86.Build.0 = Release|Win32
	EndGlobalSection
	GlobalSection(SolutionProperties) = preSolution
		HideSolutionNode = FALSE
	EndGlobalSection
	GlobalSection(ExtensibilityGlobals) = postSolution
		SolutionGuid = {F74203B1-24C7-4DC5-9150-34F4E9E9E1CD}
	EndGlobalSection
EndGlobal
